
Microsoft Visual Studio Solution File, Format Version 12.00
# Visual Studio Version 17
VisualStudioVersion = 17.3.32819.101
MinimumVisualStudioVersion = 10.0.40219.1
Project("{9A19103F-16F7-4668-BE54-9A1E7A4F7556}") = "FoodieApi", "FoodieApi.csproj", "{D102848C-7A09-451E-906A-32A2BB50D325}"
EndProject
Global
	GlobalSection(SolutionConfigurationPlatforms) = preSolution
		Debug|Any CPU = Debug|Any CPU
		Release|Any CPU = Release|Any CPU
	EndGlobalSection
	GlobalSection(ProjectConfigurationPlatforms) = postSolution
		{D102848C-7A09-451E-906A-32A2BB50D325}.Debug|Any CPU.ActiveCfg = Debug|Any CPU
		{D102848C-7A09-451E-906A-32A2BB50D325}.Debug|Any CPU.Build.0 = Debug|Any CPU
		{D102848C-7A09-451E-906A-32A2BB50D325}.Release|Any CPU.ActiveCfg = Release|Any CPU
		{D102848C-7A09-451E-906A-32A2BB50D325}.Release|Any CPU.Build.0 = Release|Any CPU
	EndGlobalSection
	GlobalSection(SolutionProperties) = preSolution
		HideSolutionNode = FALSE
	EndGlobalSection
	GlobalSection(ExtensibilityGlobals) = postSolution
		SolutionGuid = {B3D7AE91-9E23-4B4F-909E-65C17E63842F}
	EndGlobalSection
EndGlobal
